{
    "_readme": [
        "This file locks the dependencies of your project to a known state",
        "Read more about it at https://getcomposer.org/doc/01-basic-usage.md#installing-dependencies",
        "This file is @generated automatically"
    ],
    "content-hash": "a5a699d4f6d7e95b5a3f20a745293bf8",
    "packages": [],
    "packages-dev": [],
    "aliases": [],
    "minimum-stability": "stable",
    "stability-flags": [],
    "prefer-stable": false,
    "prefer-lowest": false,
    "platform": {
        "ext-dom": "*",
        "ext-xmlwriter": "*",
        "ext-json": "*",
        "ext-simplexml": "*",
        "ext-libxml": "*",
        "ext-pdo": "*",
        "ext-sockets": "*",
        "ext-fileinfo": "*",
        "ext-openssl": "*",
        "ext-curl": "*"
    },
    "platform-dev": [],
    "plugin-api-version": "1.1.0"
}
